
Microsoft Visual Studio Solution File, Format Version 12.00
# Visual Studio Version 17
VisualStudioVersion = 17.5.33516.290
MinimumVisualStudioVersion = 10.0.40219.1
Project("{9A19103F-16F7-4668-BE54-9A1E7A4F7556}") = "Sparky", "Sparky\Sparky.csproj", "{47AB65EE-0670-4E65-8245-A95E6A3BC2CB}"
EndProject
Project("{9A19103F-16F7-4668-BE54-9A1E7A4F7556}") = "SparkyMSTest", "SparkyMSTest\SparkyMSTest.csproj", "{7C30FF77-3A63-4339-B269-1CEEA8385DCB}"
EndProject
Project("{9A19103F-16F7-4668-BE54-9A1E7A4F7556}") = "SparkyNunitTest", "SparkyNunitTest\SparkyNunitTest.csproj", "{E8AFCDBC-648C-4FC9-855E-2678F302C03D}"
EndProject
Project("{2150E333-8FDC-42A3-9474-1A3956D46DE8}") = "Basic Foundation", "Basic Foundation", "{B3B3F3A6-188B-40FD-BE6D-1E28BCEF888E}"
EndProject
Project("{2150E333-8FDC-42A3-9474-1A3956D46DE8}") = "BongoWeb", "BongoWeb", "{8CE43A30-D1E4-4C11-91A8-55F803E3C874}"
EndProject
Project("{9A19103F-16F7-4668-BE54-9A1E7A4F7556}") = "Bongo.Core", "Bongo_InitialSetup (.NET 6)\Bongo.Core\Bongo.Core.csproj", "{03CC7CCC-D899-49AE-91BA-16F303C0253A}"
EndProject
Project("{9A19103F-16F7-4668-BE54-9A1E7A4F7556}") = "Bongo.DataAccess", "Bongo_InitialSetup (.NET 6)\Bongo.DataAccess\Bongo.DataAccess.csproj", "{883AE166-2B98-43D7-9CD6-9F29244C6157}"
EndProject
Project("{9A19103F-16F7-4668-BE54-9A1E7A4F7556}") = "Bongo.Models", "Bongo_InitialSetup (.NET 6)\Bongo.Models\Bongo.Models.csproj", "{589CFB09-0382-4A5A-B9D7-A4B45938A4AD}"
EndProject
Project("{9A19103F-16F7-4668-BE54-9A1E7A4F7556}") = "Bongo.Web", "Bongo_InitialSetup (.NET 6)\Bongo.Web\Bongo.Web.csproj", "{089E8105-C43F-419D-81BD-F5CA24191580}"
EndProject
Global
	GlobalSection(SolutionConfigurationPlatforms) = preSolution
		Debug|Any CPU = Debug|Any CPU
		Release|Any CPU = Release|Any CPU
	EndGlobalSection
	GlobalSection(ProjectConfigurationPlatforms) = postSolution
		{47AB65EE-0670-4E65-8245-A95E6A3BC2CB}.Debug|Any CPU.ActiveCfg = Debug|Any CPU
		{47AB65EE-0670-4E65-8245-A95E6A3BC2CB}.Debug|Any CPU.Build.0 = Debug|Any CPU
		{47AB65EE-0670-4E65-8245-A95E6A3BC2CB}.Release|Any CPU.ActiveCfg = Release|Any CPU
		{47AB65EE-0670-4E65-8245-A95E6A3BC2CB}.Release|Any CPU.Build.0 = Release|Any CPU
		{7C30FF77-3A63-4339-B269-1CEEA8385DCB}.Debug|Any CPU.ActiveCfg = Debug|Any CPU
		{7C30FF77-3A63-4339-B269-1CEEA8385DCB}.Debug|Any CPU.Build.0 = Debug|Any CPU
		{7C30FF77-3A63-4339-B269-1CEEA8385DCB}.Release|Any CPU.ActiveCfg = Release|Any CPU
		{7C30FF77-3A63-4339-B269-1CEEA8385DCB}.Release|Any CPU.Build.0 = Release|Any CPU
		{E8AFCDBC-648C-4FC9-855E-2678F302C03D}.Debug|Any CPU.ActiveCfg = Debug|Any CPU
		{E8AFCDBC-648C-4FC9-855E-2678F302C03D}.Debug|Any CPU.Build.0 = Debug|Any CPU
		{E8AFCDBC-648C-4FC9-855E-2678F302C03D}.Release|Any CPU.ActiveCfg = Release|Any CPU
		{E8AFCDBC-648C-4FC9-855E-2678F302C03D}.Release|Any CPU.Build.0 = Release|Any CPU
		{03CC7CCC-D899-49AE-91BA-16F303C0253A}.Debug|Any CPU.ActiveCfg = Debug|Any CPU
		{03CC7CCC-D899-49AE-91BA-16F303C0253A}.Debug|Any CPU.Build.0 = Debug|Any CPU
		{03CC7CCC-D899-49AE-91BA-16F303C0253A}.Release|Any CPU.ActiveCfg = Release|Any CPU
		{03CC7CCC-D899-49AE-91BA-16F303C0253A}.Release|Any CPU.Build.0 = Release|Any CPU
		{883AE166-2B98-43D7-9CD6-9F29244C6157}.Debug|Any CPU.ActiveCfg = Debug|Any CPU
		{883AE166-2B98-43D7-9CD6-9F29244C6157}.Debug|Any CPU.Build.0 = Debug|Any CPU
		{883AE166-2B98-43D7-9CD6-9F29244C6157}.Release|Any CPU.ActiveCfg = Release|Any CPU
		{883AE166-2B98-43D7-9CD6-9F29244C6157}.Release|Any CPU.Build.0 = Release|Any CPU
		{589CFB09-0382-4A5A-B9D7-A4B45938A4AD}.Debug|Any CPU.ActiveCfg = Debug|Any CPU
		{589CFB09-0382-4A5A-B9D7-A4B45938A4AD}.Debug|Any CPU.Build.0 = Debug|Any CPU
		{589CFB09-0382-4A5A-B9D7-A4B45938A4AD}.Release|Any CPU.ActiveCfg = Release|Any CPU
		{589CFB09-0382-4A5A-B9D7-A4B45938A4AD}.Release|Any CPU.Build.0 = Release|Any CPU
		{089E8105-C43F-419D-81BD-F5CA24191580}.Debug|Any CPU.ActiveCfg = Debug|Any CPU
		{089E8105-C43F-419D-81BD-F5CA24191580}.Debug|Any CPU.Build.0 = Debug|Any CPU
		{089E8105-C43F-419D-81BD-F5CA24191580}.Release|Any CPU.ActiveCfg = Release|Any CPU
		{089E8105-C43F-419D-81BD-F5CA24191580}.Release|Any CPU.Build.0 = Release|Any CPU
	EndGlobalSection
	GlobalSection(SolutionProperties) = preSolution
		HideSolutionNode = FALSE
	EndGlobalSection
	GlobalSection(NestedProjects) = preSolution
		{47AB65EE-0670-4E65-8245-A95E6A3BC2CB} = {B3B3F3A6-188B-40FD-BE6D-1E28BCEF888E}
		{7C30FF77-3A63-4339-B269-1CEEA8385DCB} = {B3B3F3A6-188B-40FD-BE6D-1E28BCEF888E}
		{E8AFCDBC-648C-4FC9-855E-2678F302C03D} = {B3B3F3A6-188B-40FD-BE6D-1E28BCEF888E}
		{03CC7CCC-D899-49AE-91BA-16F303C0253A} = {8CE43A30-D1E4-4C11-91A8-55F803E3C874}
		{883AE166-2B98-43D7-9CD6-9F29244C6157} = {8CE43A30-D1E4-4C11-91A8-55F803E3C874}
		{589CFB09-0382-4A5A-B9D7-A4B45938A4AD} = {8CE43A30-D1E4-4C11-91A8-55F803E3C874}
		{089E8105-C43F-419D-81BD-F5CA24191580} = {8CE43A30-D1E4-4C11-91A8-55F803E3C874}
	EndGlobalSection
	GlobalSection(ExtensibilityGlobals) = postSolution
		SolutionGuid = {AF173F4C-DE45-4392-86A8-673870BB6E4C}
	EndGlobalSection
EndGlobal
